
Microsoft Visual Studio Solution File, Format Version 12.00
# Visual Studio 15
VisualStudioVersion = 15.0.28307.329
MinimumVisualStudioVersion = 10.0.40219.1
Project("{FAE04EC0-301F-11D3-BF4B-00C04F79EFBC}") = "UploadFile", "UploadFile\UploadFile.csproj", "{FA50C32B-1ED8-4F02-B878-CBBE23F98AAB}"
EndProject
Project("{FAE04EC0-301F-11D3-BF4B-00C04F79EFBC}") = "UploadFile.Domain", "UploadFile.Domain\UploadFile.Domain.csproj", "{23BB4911-275A-4B91-9700-ACD976F204EF}"
EndProject
Global
	GlobalSection(SolutionConfigurationPlatforms) = preSolution
		Debug|Any CPU = Debug|Any CPU
		Release|Any CPU = Release|Any CPU
	EndGlobalSection
	GlobalSection(ProjectConfigurationPlatforms) = postSolution
		{FA50C32B-1ED8-4F02-B878-CBBE23F98AAB}.Debug|Any CPU.ActiveCfg = Debug|Any CPU
		{FA50C32B-1ED8-4F02-B878-CBBE23F98AAB}.Debug|Any CPU.Build.0 = Debug|Any CPU
		{FA50C32B-1ED8-4F02-B878-CBBE23F98AAB}.Release|Any CPU.ActiveCfg = Release|Any CPU
		{FA50C32B-1ED8-4F02-B878-CBBE23F98AAB}.Release|Any CPU.Build.0 = Release|Any CPU
		{23BB4911-275A-4B91-9700-ACD976F204EF}.Debug|Any CPU.ActiveCfg = Debug|Any CPU
		{23BB4911-275A-4B91-9700-ACD976F204EF}.Debug|Any CPU.Build.0 = Debug|Any CPU
		{23BB4911-275A-4B91-9700-ACD976F204EF}.Release|Any CPU.ActiveCfg = Release|Any CPU
		{23BB4911-275A-4B91-9700-ACD976F204EF}.Release|Any CPU.Build.0 = Release|Any CPU
	EndGlobalSection
	GlobalSection(SolutionProperties) = preSolution
		HideSolutionNode = FALSE
	EndGlobalSection
	GlobalSection(ExtensibilityGlobals) = postSolution
		SolutionGuid = {59586FDF-D73C-4BDC-809C-23B273A46F5D}
	EndGlobalSection
EndGlobal
